// !$*UTF8*$!
{
	archiveVersion = 1;
	classes = {
	};
	objectVersion = 56;
	objects = {

/* Begin PBXBuildFile section */
		1C0483392BAD819800F8322C /* SplashViewController.swift in Sources */ = {isa = PBXBuildFile; fileRef = 1C0483382BAD819800F8322C /* SplashViewController.swift */; };
		1C04833B2BAD920100F8322C /* AuthViewControllerDelegate.swift in Sources */ = {isa = PBXBuildFile; fileRef = 1C04833A2BAD920100F8322C /* AuthViewControllerDelegate.swift */; };
		1C0C2EEA2BE3B7E500CE1D5B /* Photo.swift in Sources */ = {isa = PBXBuildFile; fileRef = 1C0C2EE92BE3B7E500CE1D5B /* Photo.swift */; };
		1C0C2EEC2BE3B80E00CE1D5B /* ImagesListService.swift in Sources */ = {isa = PBXBuildFile; fileRef = 1C0C2EEB2BE3B80E00CE1D5B /* ImagesListService.swift */; };
		1C0C2EEE2BE3BCAF00CE1D5B /* PhotoResult.swift in Sources */ = {isa = PBXBuildFile; fileRef = 1C0C2EED2BE3BCAF00CE1D5B /* PhotoResult.swift */; };
		1C0C2EF62BE3D30900CE1D5B /* ImageFeedTests.swift in Sources */ = {isa = PBXBuildFile; fileRef = 1C0C2EF52BE3D30900CE1D5B /* ImageFeedTests.swift */; };
		1C0C2EFF2BE50ABC00CE1D5B /* ProfileLogoutService.swift in Sources */ = {isa = PBXBuildFile; fileRef = 1C0C2EFE2BE50ABC00CE1D5B /* ProfileLogoutService.swift */; };
		1C1E91CD2BDE2B3D006F688B /* UIBlockingProgressHUD.swift in Sources */ = {isa = PBXBuildFile; fileRef = 1C1E91CC2BDE2B3D006F688B /* UIBlockingProgressHUD.swift */; };
		1C1E91CF2BDE3052006F688B /* ProfileService.swift in Sources */ = {isa = PBXBuildFile; fileRef = 1C1E91CE2BDE3052006F688B /* ProfileService.swift */; };
		1C1E91D12BDE30C5006F688B /* ProfileResponseBody.swift in Sources */ = {isa = PBXBuildFile; fileRef = 1C1E91D02BDE30C5006F688B /* ProfileResponseBody.swift */; };
		1C1E91D32BDE330E006F688B /* ProfileUIData.swift in Sources */ = {isa = PBXBuildFile; fileRef = 1C1E91D22BDE330E006F688B /* ProfileUIData.swift */; };
		1C1E91D52BDE4A7E006F688B /* ProfileImageService.swift in Sources */ = {isa = PBXBuildFile; fileRef = 1C1E91D42BDE4A7E006F688B /* ProfileImageService.swift */; };
		1C1E91D82BDE5DB3006F688B /* URLSession+Decodable.swift in Sources */ = {isa = PBXBuildFile; fileRef = 1C1E91D72BDE5DB3006F688B /* URLSession+Decodable.swift */; };
		1C1E91DB2BDE64B1006F688B /* Kingfisher in Frameworks */ = {isa = PBXBuildFile; productRef = 1C1E91DA2BDE64B1006F688B /* Kingfisher */; };
		1C3753242BC3F7AB008F7C05 /* ProgressHUD in Frameworks */ = {isa = PBXBuildFile; productRef = 1C3753232BC3F7AB008F7C05 /* ProgressHUD */; };
		1C3C3B802B8354A200C771BE /* ImagesListCell.swift in Sources */ = {isa = PBXBuildFile; fileRef = 1C3C3B7F2B8354A200C771BE /* ImagesListCell.swift */; };
		1C3C3B822B849ED300C771BE /* ProfileViewController.swift in Sources */ = {isa = PBXBuildFile; fileRef = 1C3C3B812B849ED300C771BE /* ProfileViewController.swift */; };
		1C3C3B842B84DAB100C771BE /* SingleImageViewController.swift in Sources */ = {isa = PBXBuildFile; fileRef = 1C3C3B832B84DAB100C771BE /* SingleImageViewController.swift */; };
		1C69DBAB2B9F087A0045A3B3 /* Constants.swift in Sources */ = {isa = PBXBuildFile; fileRef = 1C69DBAA2B9F087A0045A3B3 /* Constants.swift */; };
		1C69DBAD2B9F150F0045A3B3 /* AuthViewController.swift in Sources */ = {isa = PBXBuildFile; fileRef = 1C69DBAC2B9F150F0045A3B3 /* AuthViewController.swift */; };
		1C7C70072BDE7A0E00345443 /* SwiftKeychainWrapper in Frameworks */ = {isa = PBXBuildFile; productRef = 1C7C70062BDE7A0E00345443 /* SwiftKeychainWrapper */; };
		1C7C70092BDE7C6D00345443 /* TabBarController.swift in Sources */ = {isa = PBXBuildFile; fileRef = 1C7C70082BDE7C6D00345443 /* TabBarController.swift */; };
		1C8A97DC2BEA45D9002EEC0F /* ProfileViewControllerTests.swift in Sources */ = {isa = PBXBuildFile; fileRef = 1C8A97DB2BEA45D9002EEC0F /* ProfileViewControllerTests.swift */; };
		1CAD1DA52BA05A6C00290EBF /* WebViewViewController.swift in Sources */ = {isa = PBXBuildFile; fileRef = 1CAD1DA42BA05A6C00290EBF /* WebViewViewController.swift */; };
		1CC76FB92BACAF12000C367E /* OAuth2Service.swift in Sources */ = {isa = PBXBuildFile; fileRef = 1CC76FB82BACAF12000C367E /* OAuth2Service.swift */; };
		1CC76FBB2BACB7AE000C367E /* OAuthTokenResponseBody.swift in Sources */ = {isa = PBXBuildFile; fileRef = 1CC76FBA2BACB7AE000C367E /* OAuthTokenResponseBody.swift */; };
		1CC76FBD2BACB8E5000C367E /* OAuth2TokenStorage.swift in Sources */ = {isa = PBXBuildFile; fileRef = 1CC76FBC2BACB8E5000C367E /* OAuth2TokenStorage.swift */; };
		1CD8C4F02B71E59D00DB79A6 /* AppDelegate.swift in Sources */ = {isa = PBXBuildFile; fileRef = 1CD8C4EF2B71E59D00DB79A6 /* AppDelegate.swift */; };
		1CD8C4F22B71E59D00DB79A6 /* SceneDelegate.swift in Sources */ = {isa = PBXBuildFile; fileRef = 1CD8C4F12B71E59D00DB79A6 /* SceneDelegate.swift */; };
		1CD8C4F42B71E59D00DB79A6 /* ImagesListViewController.swift in Sources */ = {isa = PBXBuildFile; fileRef = 1CD8C4F32B71E59D00DB79A6 /* ImagesListViewController.swift */; };
		1CD8C4F72B71E59E00DB79A6 /* Main.storyboard in Resources */ = {isa = PBXBuildFile; fileRef = 1CD8C4F52B71E59E00DB79A6 /* Main.storyboard */; };
		1CD8C4F92B71E5A300DB79A6 /* Assets.xcassets in Resources */ = {isa = PBXBuildFile; fileRef = 1CD8C4F82B71E5A300DB79A6 /* Assets.xcassets */; };
		1CD8C4FC2B71E5A300DB79A6 /* LaunchScreen.storyboard in Resources */ = {isa = PBXBuildFile; fileRef = 1CD8C4FA2B71E5A300DB79A6 /* LaunchScreen.storyboard */; };
		1CD9B62B2BE9451F009C13F4 /* WebViewPresenter.swift in Sources */ = {isa = PBXBuildFile; fileRef = 1CD9B62A2BE9451F009C13F4 /* WebViewPresenter.swift */; };
		1CD9B62D2BE94BA2009C13F4 /* AuthHelper.swift in Sources */ = {isa = PBXBuildFile; fileRef = 1CD9B62C2BE94BA2009C13F4 /* AuthHelper.swift */; };
		1CD9B6322BEA2ACD009C13F4 /* WebViewPresenterSpy.swift in Sources */ = {isa = PBXBuildFile; fileRef = 1CD9B6312BEA2ACD009C13F4 /* WebViewPresenterSpy.swift */; };
		1CD9B6332BEA2ACD009C13F4 /* WebViewPresenterSpy.swift in Sources */ = {isa = PBXBuildFile; fileRef = 1CD9B6312BEA2ACD009C13F4 /* WebViewPresenterSpy.swift */; };
		1CD9B6352BEA2BAE009C13F4 /* WebViewViewControllerSpy.swift in Sources */ = {isa = PBXBuildFile; fileRef = 1CD9B6342BEA2BAE009C13F4 /* WebViewViewControllerSpy.swift */; };
		1CD9B6362BEA2BAE009C13F4 /* WebViewViewControllerSpy.swift in Sources */ = {isa = PBXBuildFile; fileRef = 1CD9B6342BEA2BAE009C13F4 /* WebViewViewControllerSpy.swift */; };
		1CD9B6382BEA307F009C13F4 /* WebViewTests.swift in Sources */ = {isa = PBXBuildFile; fileRef = 1CD9B6372BEA307F009C13F4 /* WebViewTests.swift */; };
		1CD9B6422BEA39C5009C13F4 /* ImageFeedUITests.swift in Sources */ = {isa = PBXBuildFile; fileRef = 1CD9B6412BEA39C5009C13F4 /* ImageFeedUITests.swift */; };
		1CD9B6442BEA39C5009C13F4 /* ImageFeedUITestsLaunchTests.swift in Sources */ = {isa = PBXBuildFile; fileRef = 1CD9B6432BEA39C5009C13F4 /* ImageFeedUITestsLaunchTests.swift */; };
/* End PBXBuildFile section */

/* Begin PBXContainerItemProxy section */
		1C0C2EF72BE3D30900CE1D5B /* PBXContainerItemProxy */ = {
			isa = PBXContainerItemProxy;
			containerPortal = 1CD8C4E42B71E59D00DB79A6 /* Project object */;
			proxyType = 1;
			remoteGlobalIDString = 1CD8C4EB2B71E59D00DB79A6;
			remoteInfo = ImageFeed;
		};
		1CD9B6452BEA39C5009C13F4 /* PBXContainerItemProxy */ = {
			isa = PBXContainerItemProxy;
			containerPortal = 1CD8C4E42B71E59D00DB79A6 /* Project object */;
			proxyType = 1;
			remoteGlobalIDString = 1CD8C4EB2B71E59D00DB79A6;
			remoteInfo = ImageFeed;
		};
/* End PBXContainerItemProxy section */

/* Begin PBXFileReference section */
		1C0483382BAD819800F8322C /* SplashViewController.swift */ = {isa = PBXFileReference; lastKnownFileType = sourcecode.swift; path = SplashViewController.swift; sourceTree = "<group>"; };
		1C04833A2BAD920100F8322C /* AuthViewControllerDelegate.swift */ = {isa = PBXFileReference; lastKnownFileType = sourcecode.swift; path = AuthViewControllerDelegate.swift; sourceTree = "<group>"; };
		1C0C2EE92BE3B7E500CE1D5B /* Photo.swift */ = {isa = PBXFileReference; lastKnownFileType = sourcecode.swift; path = Photo.swift; sourceTree = "<group>"; };
		1C0C2EEB2BE3B80E00CE1D5B /* ImagesListService.swift */ = {isa = PBXFileReference; lastKnownFileType = sourcecode.swift; path = ImagesListService.swift; sourceTree = "<group>"; };
		1C0C2EED2BE3BCAF00CE1D5B /* PhotoResult.swift */ = {isa = PBXFileReference; lastKnownFileType = sourcecode.swift; path = PhotoResult.swift; sourceTree = "<group>"; };
		1C0C2EF32BE3D30900CE1D5B /* ImageFeedTests.xctest */ = {isa = PBXFileReference; explicitFileType = wrapper.cfbundle; includeInIndex = 0; path = ImageFeedTests.xctest; sourceTree = BUILT_PRODUCTS_DIR; };
		1C0C2EF52BE3D30900CE1D5B /* ImageFeedTests.swift */ = {isa = PBXFileReference; lastKnownFileType = sourcecode.swift; path = ImageFeedTests.swift; sourceTree = "<group>"; };
		1C0C2EFE2BE50ABC00CE1D5B /* ProfileLogoutService.swift */ = {isa = PBXFileReference; lastKnownFileType = sourcecode.swift; path = ProfileLogoutService.swift; sourceTree = "<group>"; };
		1C1E91CC2BDE2B3D006F688B /* UIBlockingProgressHUD.swift */ = {isa = PBXFileReference; lastKnownFileType = sourcecode.swift; path = UIBlockingProgressHUD.swift; sourceTree = "<group>"; };
		1C1E91CE2BDE3052006F688B /* ProfileService.swift */ = {isa = PBXFileReference; lastKnownFileType = sourcecode.swift; path = ProfileService.swift; sourceTree = "<group>"; };
		1C1E91D02BDE30C5006F688B /* ProfileResponseBody.swift */ = {isa = PBXFileReference; lastKnownFileType = sourcecode.swift; path = ProfileResponseBody.swift; sourceTree = "<group>"; };
		1C1E91D22BDE330E006F688B /* ProfileUIData.swift */ = {isa = PBXFileReference; lastKnownFileType = sourcecode.swift; path = ProfileUIData.swift; sourceTree = "<group>"; };
		1C1E91D42BDE4A7E006F688B /* ProfileImageService.swift */ = {isa = PBXFileReference; lastKnownFileType = sourcecode.swift; path = ProfileImageService.swift; sourceTree = "<group>"; };
		1C1E91D72BDE5DB3006F688B /* URLSession+Decodable.swift */ = {isa = PBXFileReference; lastKnownFileType = sourcecode.swift; path = "URLSession+Decodable.swift"; sourceTree = "<group>"; };
		1C3C3B7F2B8354A200C771BE /* ImagesListCell.swift */ = {isa = PBXFileReference; lastKnownFileType = sourcecode.swift; path = ImagesListCell.swift; sourceTree = "<group>"; };
		1C3C3B812B849ED300C771BE /* ProfileViewController.swift */ = {isa = PBXFileReference; lastKnownFileType = sourcecode.swift; path = ProfileViewController.swift; sourceTree = "<group>"; };
		1C3C3B832B84DAB100C771BE /* SingleImageViewController.swift */ = {isa = PBXFileReference; lastKnownFileType = sourcecode.swift; path = SingleImageViewController.swift; sourceTree = "<group>"; };
		1C69DBAA2B9F087A0045A3B3 /* Constants.swift */ = {isa = PBXFileReference; lastKnownFileType = sourcecode.swift; path = Constants.swift; sourceTree = "<group>"; };
		1C69DBAC2B9F150F0045A3B3 /* AuthViewController.swift */ = {isa = PBXFileReference; lastKnownFileType = sourcecode.swift; path = AuthViewController.swift; sourceTree = "<group>"; };
		1C7C70082BDE7C6D00345443 /* TabBarController.swift */ = {isa = PBXFileReference; lastKnownFileType = sourcecode.swift; path = TabBarController.swift; sourceTree = "<group>"; };
		1C8A97DB2BEA45D9002EEC0F /* ProfileViewControllerTests.swift */ = {isa = PBXFileReference; lastKnownFileType = sourcecode.swift; path = ProfileViewControllerTests.swift; sourceTree = "<group>"; };
		1CAD1DA42BA05A6C00290EBF /* WebViewViewController.swift */ = {isa = PBXFileReference; lastKnownFileType = sourcecode.swift; path = WebViewViewController.swift; sourceTree = "<group>"; };
		1CC76FB82BACAF12000C367E /* OAuth2Service.swift */ = {isa = PBXFileReference; lastKnownFileType = sourcecode.swift; path = OAuth2Service.swift; sourceTree = "<group>"; };
		1CC76FBA2BACB7AE000C367E /* OAuthTokenResponseBody.swift */ = {isa = PBXFileReference; lastKnownFileType = sourcecode.swift; path = OAuthTokenResponseBody.swift; sourceTree = "<group>"; };
		1CC76FBC2BACB8E5000C367E /* OAuth2TokenStorage.swift */ = {isa = PBXFileReference; lastKnownFileType = sourcecode.swift; path = OAuth2TokenStorage.swift; sourceTree = "<group>"; };
		1CD8C4EC2B71E59D00DB79A6 /* ImageFeed.app */ = {isa = PBXFileReference; explicitFileType = wrapper.application; includeInIndex = 0; path = ImageFeed.app; sourceTree = BUILT_PRODUCTS_DIR; };
		1CD8C4EF2B71E59D00DB79A6 /* AppDelegate.swift */ = {isa = PBXFileReference; lastKnownFileType = sourcecode.swift; path = AppDelegate.swift; sourceTree = "<group>"; };
		1CD8C4F12B71E59D00DB79A6 /* SceneDelegate.swift */ = {isa = PBXFileReference; lastKnownFileType = sourcecode.swift; path = SceneDelegate.swift; sourceTree = "<group>"; };
		1CD8C4F32B71E59D00DB79A6 /* ImagesListViewController.swift */ = {isa = PBXFileReference; lastKnownFileType = sourcecode.swift; path = ImagesListViewController.swift; sourceTree = "<group>"; };
		1CD8C4F62B71E59E00DB79A6 /* Base */ = {isa = PBXFileReference; lastKnownFileType = file.storyboard; name = Base; path = Base.lproj/Main.storyboard; sourceTree = "<group>"; };
		1CD8C4F82B71E5A300DB79A6 /* Assets.xcassets */ = {isa = PBXFileReference; lastKnownFileType = folder.assetcatalog; path = Assets.xcassets; sourceTree = "<group>"; };
		1CD8C4FB2B71E5A300DB79A6 /* Base */ = {isa = PBXFileReference; lastKnownFileType = file.storyboard; name = Base; path = Base.lproj/LaunchScreen.storyboard; sourceTree = "<group>"; };
		1CD8C4FD2B71E5A300DB79A6 /* Info.plist */ = {isa = PBXFileReference; lastKnownFileType = text.plist.xml; path = Info.plist; sourceTree = "<group>"; };
		1CD9B62A2BE9451F009C13F4 /* WebViewPresenter.swift */ = {isa = PBXFileReference; lastKnownFileType = sourcecode.swift; path = WebViewPresenter.swift; sourceTree = "<group>"; };
		1CD9B62C2BE94BA2009C13F4 /* AuthHelper.swift */ = {isa = PBXFileReference; lastKnownFileType = sourcecode.swift; path = AuthHelper.swift; sourceTree = "<group>"; };
		1CD9B6312BEA2ACD009C13F4 /* WebViewPresenterSpy.swift */ = {isa = PBXFileReference; lastKnownFileType = sourcecode.swift; path = WebViewPresenterSpy.swift; sourceTree = "<group>"; };
		1CD9B6342BEA2BAE009C13F4 /* WebViewViewControllerSpy.swift */ = {isa = PBXFileReference; lastKnownFileType = sourcecode.swift; path = WebViewViewControllerSpy.swift; sourceTree = "<group>"; };
		1CD9B6372BEA307F009C13F4 /* WebViewTests.swift */ = {isa = PBXFileReference; lastKnownFileType = sourcecode.swift; path = WebViewTests.swift; sourceTree = "<group>"; };
		1CD9B63F2BEA39C5009C13F4 /* ImageFeedUITests.xctest */ = {isa = PBXFileReference; explicitFileType = wrapper.cfbundle; includeInIndex = 0; path = ImageFeedUITests.xctest; sourceTree = BUILT_PRODUCTS_DIR; };
		1CD9B6412BEA39C5009C13F4 /* ImageFeedUITests.swift */ = {isa = PBXFileReference; lastKnownFileType = sourcecode.swift; path = ImageFeedUITests.swift; sourceTree = "<group>"; };
		1CD9B6432BEA39C5009C13F4 /* ImageFeedUITestsLaunchTests.swift */ = {isa = PBXFileReference; lastKnownFileType = sourcecode.swift; path = ImageFeedUITestsLaunchTests.swift; sourceTree = "<group>"; };
/* End PBXFileReference section */

/* Begin PBXFrameworksBuildPhase section */
		1C0C2EF02BE3D30900CE1D5B /* Frameworks */ = {
			isa = PBXFrameworksBuildPhase;
			buildActionMask = 2147483647;
			files = (
			);
			runOnlyForDeploymentPostprocessing = 0;
		};
		1CD8C4E92B71E59D00DB79A6 /* Frameworks */ = {
			isa = PBXFrameworksBuildPhase;
			buildActionMask = 2147483647;
			files = (
				1C1E91DB2BDE64B1006F688B /* Kingfisher in Frameworks */,
				1C3753242BC3F7AB008F7C05 /* ProgressHUD in Frameworks */,
				1C7C70072BDE7A0E00345443 /* SwiftKeychainWrapper in Frameworks */,
			);
			runOnlyForDeploymentPostprocessing = 0;
		};
		1CD9B63C2BEA39C5009C13F4 /* Frameworks */ = {
			isa = PBXFrameworksBuildPhase;
			buildActionMask = 2147483647;
			files = (
			);
			runOnlyForDeploymentPostprocessing = 0;
		};
/* End PBXFrameworksBuildPhase section */

/* Begin PBXGroup section */
		1C0483372BAD815000F8322C /* Profile */ = {
			isa = PBXGroup;
			children = (
				1C1E91D62BDE4A97006F688B /* Model */,
				1C3C3B812B849ED300C771BE /* ProfileViewController.swift */,
				1C1E91CE2BDE3052006F688B /* ProfileService.swift */,
				1C1E91D42BDE4A7E006F688B /* ProfileImageService.swift */,
				1C0C2EFE2BE50ABC00CE1D5B /* ProfileLogoutService.swift */,
			);
			path = Profile;
			sourceTree = "<group>";
		};
		1C0C2EE82BE3B7D200CE1D5B /* Model */ = {
			isa = PBXGroup;
			children = (
				1C0C2EE92BE3B7E500CE1D5B /* Photo.swift */,
				1C0C2EED2BE3BCAF00CE1D5B /* PhotoResult.swift */,
			);
			path = Model;
			sourceTree = "<group>";
		};
		1C0C2EF42BE3D30900CE1D5B /* ImageFeedTests */ = {
			isa = PBXGroup;
			children = (
				1C0C2EF52BE3D30900CE1D5B /* ImageFeedTests.swift */,
				1CD9B6312BEA2ACD009C13F4 /* WebViewPresenterSpy.swift */,
				1CD9B6342BEA2BAE009C13F4 /* WebViewViewControllerSpy.swift */,
				1CD9B6372BEA307F009C13F4 /* WebViewTests.swift */,
				1C8A97DB2BEA45D9002EEC0F /* ProfileViewControllerTests.swift */,
			);
			path = ImageFeedTests;
			sourceTree = "<group>";
		};
		1C1E91D62BDE4A97006F688B /* Model */ = {
			isa = PBXGroup;
			children = (
				1C1E91D22BDE330E006F688B /* ProfileUIData.swift */,
				1C1E91D02BDE30C5006F688B /* ProfileResponseBody.swift */,
			);
			path = Model;
			sourceTree = "<group>";
		};
		1C3C3B7E2B83548600C771BE /* ImagesList */ = {
			isa = PBXGroup;
			children = (
				1C0C2EE82BE3B7D200CE1D5B /* Model */,
				1C3C3B832B84DAB100C771BE /* SingleImageViewController.swift */,
				1CD8C4F32B71E59D00DB79A6 /* ImagesListViewController.swift */,
				1C3C3B7F2B8354A200C771BE /* ImagesListCell.swift */,
				1C0C2EEB2BE3B80E00CE1D5B /* ImagesListService.swift */,
			);
			path = ImagesList;
			sourceTree = "<group>";
		};
		1CAD1DA32BA05A2F00290EBF /* Auth */ = {
			isa = PBXGroup;
			children = (
				1C04833A2BAD920100F8322C /* AuthViewControllerDelegate.swift */,
				1C69DBAA2B9F087A0045A3B3 /* Constants.swift */,
				1C69DBAC2B9F150F0045A3B3 /* AuthViewController.swift */,
				1CAD1DA42BA05A6C00290EBF /* WebViewViewController.swift */,
				1CD9B62A2BE9451F009C13F4 /* WebViewPresenter.swift */,
				1CC76FB82BACAF12000C367E /* OAuth2Service.swift */,
				1CC76FBA2BACB7AE000C367E /* OAuthTokenResponseBody.swift */,
				1CC76FBC2BACB8E5000C367E /* OAuth2TokenStorage.swift */,
				1CD9B62C2BE94BA2009C13F4 /* AuthHelper.swift */,
			);
			path = Auth;
			sourceTree = "<group>";
		};
		1CD8C4E32B71E59D00DB79A6 = {
			isa = PBXGroup;
			children = (
				1CD8C4EE2B71E59D00DB79A6 /* ImageFeed */,
				1C0C2EF42BE3D30900CE1D5B /* ImageFeedTests */,
				1CD9B6402BEA39C5009C13F4 /* ImageFeedUITests */,
				1CD8C4ED2B71E59D00DB79A6 /* Products */,
			);
			sourceTree = "<group>";
		};
		1CD8C4ED2B71E59D00DB79A6 /* Products */ = {
			isa = PBXGroup;
			children = (
				1CD8C4EC2B71E59D00DB79A6 /* ImageFeed.app */,
				1C0C2EF32BE3D30900CE1D5B /* ImageFeedTests.xctest */,
				1CD9B63F2BEA39C5009C13F4 /* ImageFeedUITests.xctest */,
			);
			name = Products;
			sourceTree = "<group>";
		};
		1CD8C4EE2B71E59D00DB79A6 /* ImageFeed */ = {
			isa = PBXGroup;
			children = (
				1CAD1DA32BA05A2F00290EBF /* Auth */,
				1C3C3B7E2B83548600C771BE /* ImagesList */,
				1C0483372BAD815000F8322C /* Profile */,
				1C0483382BAD819800F8322C /* SplashViewController.swift */,
				1C1E91CC2BDE2B3D006F688B /* UIBlockingProgressHUD.swift */,
				1C1E91D72BDE5DB3006F688B /* URLSession+Decodable.swift */,
				1C7C70082BDE7C6D00345443 /* TabBarController.swift */,
				1CD8C4EF2B71E59D00DB79A6 /* AppDelegate.swift */,
				1CD8C4F12B71E59D00DB79A6 /* SceneDelegate.swift */,
				1CD8C4F52B71E59E00DB79A6 /* Main.storyboard */,
				1CD8C4FA2B71E5A300DB79A6 /* LaunchScreen.storyboard */,
				1CD8C4F82B71E5A300DB79A6 /* Assets.xcassets */,
				1CD8C4FD2B71E5A300DB79A6 /* Info.plist */,
			);
			path = ImageFeed;
			sourceTree = "<group>";
		};
		1CD9B6402BEA39C5009C13F4 /* ImageFeedUITests */ = {
			isa = PBXGroup;
			children = (
				1CD9B6412BEA39C5009C13F4 /* ImageFeedUITests.swift */,
				1CD9B6432BEA39C5009C13F4 /* ImageFeedUITestsLaunchTests.swift */,
			);
			path = ImageFeedUITests;
			sourceTree = "<group>";
		};
/* End PBXGroup section */

/* Begin PBXNativeTarget section */
		1C0C2EF22BE3D30900CE1D5B /* ImageFeedTests */ = {
			isa = PBXNativeTarget;
			buildConfigurationList = 1C0C2EF92BE3D30900CE1D5B /* Build configuration list for PBXNativeTarget "ImageFeedTests" */;
			buildPhases = (
				1C0C2EEF2BE3D30900CE1D5B /* Sources */,
				1C0C2EF02BE3D30900CE1D5B /* Frameworks */,
				1C0C2EF12BE3D30900CE1D5B /* Resources */,
			);
			buildRules = (
			);
			dependencies = (
				1C0C2EF82BE3D30900CE1D5B /* PBXTargetDependency */,
			);
			name = ImageFeedTests;
			productName = ImageFeedTests;
			productReference = 1C0C2EF32BE3D30900CE1D5B /* ImageFeedTests.xctest */;
			productType = "com.apple.product-type.bundle.unit-test";
		};
		1CD8C4EB2B71E59D00DB79A6 /* ImageFeed */ = {
			isa = PBXNativeTarget;
			buildConfigurationList = 1CD8C5002B71E5A300DB79A6 /* Build configuration list for PBXNativeTarget "ImageFeed" */;
			buildPhases = (
				1CD8C4E82B71E59D00DB79A6 /* Sources */,
				1CD8C4E92B71E59D00DB79A6 /* Frameworks */,
				1CD8C4EA2B71E59D00DB79A6 /* Resources */,
			);
			buildRules = (
			);
			dependencies = (
			);
			name = ImageFeed;
			packageProductDependencies = (
				1C3753232BC3F7AB008F7C05 /* ProgressHUD */,
				1C1E91DA2BDE64B1006F688B /* Kingfisher */,
				1C7C70062BDE7A0E00345443 /* SwiftKeychainWrapper */,
			);
			productName = ImageFeed;
			productReference = 1CD8C4EC2B71E59D00DB79A6 /* ImageFeed.app */;
			productType = "com.apple.product-type.application";
		};
		1CD9B63E2BEA39C5009C13F4 /* ImageFeedUITests */ = {
			isa = PBXNativeTarget;
			buildConfigurationList = 1CD9B6472BEA39C5009C13F4 /* Build configuration list for PBXNativeTarget "ImageFeedUITests" */;
			buildPhases = (
				1CD9B63B2BEA39C5009C13F4 /* Sources */,
				1CD9B63C2BEA39C5009C13F4 /* Frameworks */,
				1CD9B63D2BEA39C5009C13F4 /* Resources */,
			);
			buildRules = (
			);
			dependencies = (
				1CD9B6462BEA39C5009C13F4 /* PBXTargetDependency */,
			);
			name = ImageFeedUITests;
			productName = ImageFeedUITests;
			productReference = 1CD9B63F2BEA39C5009C13F4 /* ImageFeedUITests.xctest */;
			productType = "com.apple.product-type.bundle.ui-testing";
		};
/* End PBXNativeTarget section */

/* Begin PBXProject section */
		1CD8C4E42B71E59D00DB79A6 /* Project object */ = {
			isa = PBXProject;
			attributes = {
				BuildIndependentTargetsInParallel = 1;
				LastSwiftUpdateCheck = 1520;
				LastUpgradeCheck = 1520;
				TargetAttributes = {
					1C0C2EF22BE3D30900CE1D5B = {
						CreatedOnToolsVersion = 15.2;
						TestTargetID = 1CD8C4EB2B71E59D00DB79A6;
					};
					1CD8C4EB2B71E59D00DB79A6 = {
						CreatedOnToolsVersion = 15.2;
					};
					1CD9B63E2BEA39C5009C13F4 = {
						CreatedOnToolsVersion = 15.2;
						TestTargetID = 1CD8C4EB2B71E59D00DB79A6;
					};
				};
			};
			buildConfigurationList = 1CD8C4E72B71E59D00DB79A6 /* Build configuration list for PBXProject "ImageFeed" */;
			compatibilityVersion = "Xcode 14.0";
			developmentRegion = en;
			hasScannedForEncodings = 0;
			knownRegions = (
				en,
				Base,
			);
			mainGroup = 1CD8C4E32B71E59D00DB79A6;
			packageReferences = (
				1C3753222BC3F7AB008F7C05 /* XCRemoteSwiftPackageReference "ProgressHUD" */,
				1C1E91D92BDE64B1006F688B /* XCRemoteSwiftPackageReference "Kingfisher" */,
				1C7C70052BDE7A0E00345443 /* XCRemoteSwiftPackageReference "SwiftKeychainWrapper" */,
			);
			productRefGroup = 1CD8C4ED2B71E59D00DB79A6 /* Products */;
			projectDirPath = "";
			projectRoot = "";
			targets = (
				1CD8C4EB2B71E59D00DB79A6 /* ImageFeed */,
				1C0C2EF22BE3D30900CE1D5B /* ImageFeedTests */,
				1CD9B63E2BEA39C5009C13F4 /* ImageFeedUITests */,
			);
		};
/* End PBXProject section */

/* Begin PBXResourcesBuildPhase section */
		1C0C2EF12BE3D30900CE1D5B /* Resources */ = {
			isa = PBXResourcesBuildPhase;
			buildActionMask = 2147483647;
			files = (
			);
			runOnlyForDeploymentPostprocessing = 0;
		};
		1CD8C4EA2B71E59D00DB79A6 /* Resources */ = {
			isa = PBXResourcesBuildPhase;
			buildActionMask = 2147483647;
			files = (
				1CD8C4FC2B71E5A300DB79A6 /* LaunchScreen.storyboard in Resources */,
				1CD8C4F92B71E5A300DB79A6 /* Assets.xcassets in Resources */,
				1CD8C4F72B71E59E00DB79A6 /* Main.storyboard in Resources */,
			);
			runOnlyForDeploymentPostprocessing = 0;
		};
		1CD9B63D2BEA39C5009C13F4 /* Resources */ = {
			isa = PBXResourcesBuildPhase;
			buildActionMask = 2147483647;
			files = (
			);
			runOnlyForDeploymentPostprocessing = 0;
		};
/* End PBXResourcesBuildPhase section */

/* Begin PBXSourcesBuildPhase section */
		1C0C2EEF2BE3D30900CE1D5B /* Sources */ = {
			isa = PBXSourcesBuildPhase;
			buildActionMask = 2147483647;
			files = (
				1C0C2EF62BE3D30900CE1D5B /* ImageFeedTests.swift in Sources */,
				1C8A97DC2BEA45D9002EEC0F /* ProfileViewControllerTests.swift in Sources */,
				1CD9B6362BEA2BAE009C13F4 /* WebViewViewControllerSpy.swift in Sources */,
				1CD9B6382BEA307F009C13F4 /* WebViewTests.swift in Sources */,
				1CD9B6332BEA2ACD009C13F4 /* WebViewPresenterSpy.swift in Sources */,
			);
			runOnlyForDeploymentPostprocessing = 0;
		};
		1CD8C4E82B71E59D00DB79A6 /* Sources */ = {
			isa = PBXSourcesBuildPhase;
			buildActionMask = 2147483647;
			files = (
				1CD8C4F42B71E59D00DB79A6 /* ImagesListViewController.swift in Sources */,
				1CD9B6352BEA2BAE009C13F4 /* WebViewViewControllerSpy.swift in Sources */,
				1CC76FBB2BACB7AE000C367E /* OAuthTokenResponseBody.swift in Sources */,
				1C1E91CD2BDE2B3D006F688B /* UIBlockingProgressHUD.swift in Sources */,
				1C1E91D32BDE330E006F688B /* ProfileUIData.swift in Sources */,
				1C04833B2BAD920100F8322C /* AuthViewControllerDelegate.swift in Sources */,
				1C3C3B802B8354A200C771BE /* ImagesListCell.swift in Sources */,
				1C3C3B822B849ED300C771BE /* ProfileViewController.swift in Sources */,
				1C1E91CF2BDE3052006F688B /* ProfileService.swift in Sources */,
				1C0483392BAD819800F8322C /* SplashViewController.swift in Sources */,
				1C1E91D82BDE5DB3006F688B /* URLSession+Decodable.swift in Sources */,
				1C0C2EEE2BE3BCAF00CE1D5B /* PhotoResult.swift in Sources */,
				1CC76FB92BACAF12000C367E /* OAuth2Service.swift in Sources */,
				1C1E91D12BDE30C5006F688B /* ProfileResponseBody.swift in Sources */,
				1C0C2EEC2BE3B80E00CE1D5B /* ImagesListService.swift in Sources */,
				1C0C2EFF2BE50ABC00CE1D5B /* ProfileLogoutService.swift in Sources */,
				1CD9B62D2BE94BA2009C13F4 /* AuthHelper.swift in Sources */,
				1C7C70092BDE7C6D00345443 /* TabBarController.swift in Sources */,
				1CD8C4F02B71E59D00DB79A6 /* AppDelegate.swift in Sources */,
				1C69DBAD2B9F150F0045A3B3 /* AuthViewController.swift in Sources */,
				1C0C2EEA2BE3B7E500CE1D5B /* Photo.swift in Sources */,
				1CD9B62B2BE9451F009C13F4 /* WebViewPresenter.swift in Sources */,
				1C69DBAB2B9F087A0045A3B3 /* Constants.swift in Sources */,
				1CD9B6322BEA2ACD009C13F4 /* WebViewPresenterSpy.swift in Sources */,
				1C3C3B842B84DAB100C771BE /* SingleImageViewController.swift in Sources */,
				1CAD1DA52BA05A6C00290EBF /* WebViewViewController.swift in Sources */,
				1C1E91D52BDE4A7E006F688B /* ProfileImageService.swift in Sources */,
				1CC76FBD2BACB8E5000C367E /* OAuth2TokenStorage.swift in Sources */,
				1CD8C4F22B71E59D00DB79A6 /* SceneDelegate.swift in Sources */,
			);
			runOnlyForDeploymentPostprocessing = 0;
		};
		1CD9B63B2BEA39C5009C13F4 /* Sources */ = {
			isa = PBXSourcesBuildPhase;
			buildActionMask = 2147483647;
			files = (
				1CD9B6442BEA39C5009C13F4 /* ImageFeedUITestsLaunchTests.swift in Sources */,
				1CD9B6422BEA39C5009C13F4 /* ImageFeedUITests.swift in Sources */,
			);
			runOnlyForDeploymentPostprocessing = 0;
		};
/* End PBXSourcesBuildPhase section */

/* Begin PBXTargetDependency section */
		1C0C2EF82BE3D30900CE1D5B /* PBXTargetDependency */ = {
			isa = PBXTargetDependency;
			target = 1CD8C4EB2B71E59D00DB79A6 /* ImageFeed */;
			targetProxy = 1C0C2EF72BE3D30900CE1D5B /* PBXContainerItemProxy */;
		};
		1CD9B6462BEA39C5009C13F4 /* PBXTargetDependency */ = {
			isa = PBXTargetDependency;
			target = 1CD8C4EB2B71E59D00DB79A6 /* ImageFeed */;
			targetProxy = 1CD9B6452BEA39C5009C13F4 /* PBXContainerItemProxy */;
		};
/* End PBXTargetDependency section */

/* Begin PBXVariantGroup section */
		1CD8C4F52B71E59E00DB79A6 /* Main.storyboard */ = {
			isa = PBXVariantGroup;
			children = (
				1CD8C4F62B71E59E00DB79A6 /* Base */,
			);
			name = Main.storyboard;
			sourceTree = "<group>";
		};
		1CD8C4FA2B71E5A300DB79A6 /* LaunchScreen.storyboard */ = {
			isa = PBXVariantGroup;
			children = (
				1CD8C4FB2B71E5A300DB79A6 /* Base */,
			);
			name = LaunchScreen.storyboard;
			sourceTree = "<group>";
		};
/* End PBXVariantGroup section */

/* Begin XCBuildConfiguration section */
		1C0C2EFA2BE3D30900CE1D5B /* Debug */ = {
			isa = XCBuildConfiguration;
			buildSettings = {
				BUNDLE_LOADER = "$(TEST_HOST)";
				CODE_SIGN_STYLE = Automatic;
				CURRENT_PROJECT_VERSION = 1;
				DEVELOPMENT_TEAM = 6NYBPW9GN5;
				GENERATE_INFOPLIST_FILE = YES;
				MARKETING_VERSION = 1.0;
				PRODUCT_BUNDLE_IDENTIFIER = com.mybrain.ImageFeedTests;
				PRODUCT_NAME = "$(TARGET_NAME)";
				SWIFT_EMIT_LOC_STRINGS = NO;
				SWIFT_VERSION = 5.0;
				TARGETED_DEVICE_FAMILY = 1;
				TEST_HOST = "$(BUILT_PRODUCTS_DIR)/ImageFeed.app/$(BUNDLE_EXECUTABLE_FOLDER_PATH)/ImageFeed";
			};
			name = Debug;
		};
		1C0C2EFB2BE3D30900CE1D5B /* Release */ = {
			isa = XCBuildConfiguration;
			buildSettings = {
				BUNDLE_LOADER = "$(TEST_HOST)";
				CODE_SIGN_STYLE = Automatic;
				CURRENT_PROJECT_VERSION = 1;
				DEVELOPMENT_TEAM = 6NYBPW9GN5;
				GENERATE_INFOPLIST_FILE = YES;
				MARKETING_VERSION = 1.0;
				PRODUCT_BUNDLE_IDENTIFIER = com.mybrain.ImageFeedTests;
				PRODUCT_NAME = "$(TARGET_NAME)";
				SWIFT_EMIT_LOC_STRINGS = NO;
				SWIFT_VERSION = 5.0;
				TARGETED_DEVICE_FAMILY = 1;
				TEST_HOST = "$(BUILT_PRODUCTS_DIR)/ImageFeed.app/$(BUNDLE_EXECUTABLE_FOLDER_PATH)/ImageFeed";
			};
			name = Release;
		};
		1CD8C4FE2B71E5A300DB79A6 /* Debug */ = {
			isa = XCBuildConfiguration;
			buildSettings = {
				ALWAYS_SEARCH_USER_PATHS = NO;
				ASSETCATALOG_COMPILER_GENERATE_SWIFT_ASSET_SYMBOL_EXTENSIONS = YES;
				CLANG_ANALYZER_NONNULL = YES;
				CLANG_ANALYZER_NUMBER_OBJECT_CONVERSION = YES_AGGRESSIVE;
				CLANG_CXX_LANGUAGE_STANDARD = "gnu++20";
				CLANG_ENABLE_MODULES = YES;
				CLANG_ENABLE_OBJC_ARC = YES;
				CLANG_ENABLE_OBJC_WEAK = YES;
				CLANG_WARN_BLOCK_CAPTURE_AUTORELEASING = YES;
				CLANG_WARN_BOOL_CONVERSION = YES;
				CLANG_WARN_COMMA = YES;
				CLANG_WARN_CONSTANT_CONVERSION = YES;
				CLANG_WARN_DEPRECATED_OBJC_IMPLEMENTATIONS = YES;
				CLANG_WARN_DIRECT_OBJC_ISA_USAGE = YES_ERROR;
				CLANG_WARN_DOCUMENTATION_COMMENTS = YES;
				CLANG_WARN_EMPTY_BODY = YES;
				CLANG_WARN_ENUM_CONVERSION = YES;
				CLANG_WARN_INFINITE_RECURSION = YES;
				CLANG_WARN_INT_CONVERSION = YES;
				CLANG_WARN_NON_LITERAL_NULL_CONVERSION = YES;
				CLANG_WARN_OBJC_IMPLICIT_RETAIN_SELF = YES;
				CLANG_WARN_OBJC_LITERAL_CONVERSION = YES;
				CLANG_WARN_OBJC_ROOT_CLASS = YES_ERROR;
				CLANG_WARN_QUOTED_INCLUDE_IN_FRAMEWORK_HEADER = YES;
				CLANG_WARN_RANGE_LOOP_ANALYSIS = YES;
				CLANG_WARN_STRICT_PROTOTYPES = YES;
				CLANG_WARN_SUSPICIOUS_MOVE = YES;
				CLANG_WARN_UNGUARDED_AVAILABILITY = YES_AGGRESSIVE;
				CLANG_WARN_UNREACHABLE_CODE = YES;
				CLANG_WARN__DUPLICATE_METHOD_MATCH = YES;
				COPY_PHASE_STRIP = NO;
				DEBUG_INFORMATION_FORMAT = dwarf;
				ENABLE_STRICT_OBJC_MSGSEND = YES;
				ENABLE_TESTABILITY = YES;
				ENABLE_USER_SCRIPT_SANDBOXING = YES;
				GCC_C_LANGUAGE_STANDARD = gnu17;
				GCC_DYNAMIC_NO_PIC = NO;
				GCC_NO_COMMON_BLOCKS = YES;
				GCC_OPTIMIZATION_LEVEL = 0;
				GCC_PREPROCESSOR_DEFINITIONS = (
					"DEBUG=1",
					"$(inherited)",
				);
				GCC_WARN_64_TO_32_BIT_CONVERSION = YES;
				GCC_WARN_ABOUT_RETURN_TYPE = YES_ERROR;
				GCC_WARN_UNDECLARED_SELECTOR = YES;
				GCC_WARN_UNINITIALIZED_AUTOS = YES_AGGRESSIVE;
				GCC_WARN_UNUSED_FUNCTION = YES;
				GCC_WARN_UNUSED_VARIABLE = YES;
				IPHONEOS_DEPLOYMENT_TARGET = 17.2;
				LOCALIZATION_PREFERS_STRING_CATALOGS = YES;
				MTL_ENABLE_DEBUG_INFO = INCLUDE_SOURCE;
				MTL_FAST_MATH = YES;
				ONLY_ACTIVE_ARCH = YES;
				SDKROOT = iphoneos;
				SWIFT_ACTIVE_COMPILATION_CONDITIONS = "DEBUG $(inherited)";
				SWIFT_OPTIMIZATION_LEVEL = "-Onone";
			};
			name = Debug;
		};
		1CD8C4FF2B71E5A300DB79A6 /* Release */ = {
			isa = XCBuildConfiguration;
			buildSettings = {
				ALWAYS_SEARCH_USER_PATHS = NO;
				ASSETCATALOG_COMPILER_GENERATE_SWIFT_ASSET_SYMBOL_EXTENSIONS = YES;
				CLANG_ANALYZER_NONNULL = YES;
				CLANG_ANALYZER_NUMBER_OBJECT_CONVERSION = YES_AGGRESSIVE;
				CLANG_CXX_LANGUAGE_STANDARD = "gnu++20";
				CLANG_ENABLE_MODULES = YES;
				CLANG_ENABLE_OBJC_ARC = YES;
				CLANG_ENABLE_OBJC_WEAK = YES;
				CLANG_WARN_BLOCK_CAPTURE_AUTORELEASING = YES;
				CLANG_WARN_BOOL_CONVERSION = YES;
				CLANG_WARN_COMMA = YES;
				CLANG_WARN_CONSTANT_CONVERSION = YES;
				CLANG_WARN_DEPRECATED_OBJC_IMPLEMENTATIONS = YES;
				CLANG_WARN_DIRECT_OBJC_ISA_USAGE = YES_ERROR;
				CLANG_WARN_DOCUMENTATION_COMMENTS = YES;
				CLANG_WARN_EMPTY_BODY = YES;
				CLANG_WARN_ENUM_CONVERSION = YES;
				CLANG_WARN_INFINITE_RECURSION = YES;
				CLANG_WARN_INT_CONVERSION = YES;
				CLANG_WARN_NON_LITERAL_NULL_CONVERSION = YES;
				CLANG_WARN_OBJC_IMPLICIT_RETAIN_SELF = YES;
				CLANG_WARN_OBJC_LITERAL_CONVERSION = YES;
				CLANG_WARN_OBJC_ROOT_CLASS = YES_ERROR;
				CLANG_WARN_QUOTED_INCLUDE_IN_FRAMEWORK_HEADER = YES;
				CLANG_WARN_RANGE_LOOP_ANALYSIS = YES;
				CLANG_WARN_STRICT_PROTOTYPES = YES;
				CLANG_WARN_SUSPICIOUS_MOVE = YES;
				CLANG_WARN_UNGUARDED_AVAILABILITY = YES_AGGRESSIVE;
				CLANG_WARN_UNREACHABLE_CODE = YES;
				CLANG_WARN__DUPLICATE_METHOD_MATCH = YES;
				COPY_PHASE_STRIP = NO;
				DEBUG_INFORMATION_FORMAT = "dwarf-with-dsym";
				ENABLE_NS_ASSERTIONS = NO;
				ENABLE_STRICT_OBJC_MSGSEND = YES;
				ENABLE_USER_SCRIPT_SANDBOXING = YES;
				GCC_C_LANGUAGE_STANDARD = gnu17;
				GCC_NO_COMMON_BLOCKS = YES;
				GCC_WARN_64_TO_32_BIT_CONVERSION = YES;
				GCC_WARN_ABOUT_RETURN_TYPE = YES_ERROR;
				GCC_WARN_UNDECLARED_SELECTOR = YES;
				GCC_WARN_UNINITIALIZED_AUTOS = YES_AGGRESSIVE;
				GCC_WARN_UNUSED_FUNCTION = YES;
				GCC_WARN_UNUSED_VARIABLE = YES;
				IPHONEOS_DEPLOYMENT_TARGET = 17.2;
				LOCALIZATION_PREFERS_STRING_CATALOGS = YES;
				MTL_ENABLE_DEBUG_INFO = NO;
				MTL_FAST_MATH = YES;
				SDKROOT = iphoneos;
				SWIFT_COMPILATION_MODE = wholemodule;
				VALIDATE_PRODUCT = YES;
			};
			name = Release;
		};
		1CD8C5012B71E5A300DB79A6 /* Debug */ = {
			isa = XCBuildConfiguration;
			buildSettings = {
				ASSETCATALOG_COMPILER_APPICON_NAME = AppIcon;
				ASSETCATALOG_COMPILER_GLOBAL_ACCENT_COLOR_NAME = AccentColor;
				CODE_SIGN_STYLE = Automatic;
				CURRENT_PROJECT_VERSION = 1;
				DEVELOPMENT_TEAM = 6NYBPW9GN5;
				GENERATE_INFOPLIST_FILE = YES;
				INFOPLIST_FILE = ImageFeed/Info.plist;
				INFOPLIST_KEY_UIApplicationSupportsIndirectInputEvents = YES;
				INFOPLIST_KEY_UILaunchStoryboardName = LaunchScreen.storyboard;
				INFOPLIST_KEY_UIMainStoryboardFile = Main;
				INFOPLIST_KEY_UIStatusBarHidden = NO;
				INFOPLIST_KEY_UISupportedInterfaceOrientations = UIInterfaceOrientationPortrait;
				INFOPLIST_KEY_UISupportedInterfaceOrientations_iPad = UIInterfaceOrientationPortrait;
				IPHONEOS_DEPLOYMENT_TARGET = 13.0;
				LD_RUNPATH_SEARCH_PATHS = (
					"$(inherited)",
					"@executable_path/Frameworks",
				);
				MARKETING_VERSION = 1.0;
				PRODUCT_BUNDLE_IDENTIFIER = com.mybrain.ImageFeed;
				PRODUCT_NAME = "$(TARGET_NAME)";
				SUPPORTED_PLATFORMS = "iphoneos iphonesimulator";
				SUPPORTS_MACCATALYST = NO;
				SUPPORTS_MAC_DESIGNED_FOR_IPHONE_IPAD = NO;
				SUPPORTS_XR_DESIGNED_FOR_IPHONE_IPAD = NO;
				SWIFT_EMIT_LOC_STRINGS = YES;
				SWIFT_VERSION = 5.0;
				TARGETED_DEVICE_FAMILY = 1;
			};
			name = Debug;
		};
		1CD8C5022B71E5A300DB79A6 /* Release */ = {
			isa = XCBuildConfiguration;
			buildSettings = {
				ASSETCATALOG_COMPILER_APPICON_NAME = AppIcon;
				ASSETCATALOG_COMPILER_GLOBAL_ACCENT_COLOR_NAME = AccentColor;
				CODE_SIGN_STYLE = Automatic;
				CURRENT_PROJECT_VERSION = 1;
				DEVELOPMENT_TEAM = 6NYBPW9GN5;
				GENERATE_INFOPLIST_FILE = YES;
				INFOPLIST_FILE = ImageFeed/Info.plist;
				INFOPLIST_KEY_UIApplicationSupportsIndirectInputEvents = YES;
				INFOPLIST_KEY_UILaunchStoryboardName = LaunchScreen.storyboard;
				INFOPLIST_KEY_UIMainStoryboardFile = Main;
				INFOPLIST_KEY_UIStatusBarHidden = NO;
				INFOPLIST_KEY_UISupportedInterfaceOrientations = UIInterfaceOrientationPortrait;
				INFOPLIST_KEY_UISupportedInterfaceOrientations_iPad = UIInterfaceOrientationPortrait;
				IPHONEOS_DEPLOYMENT_TARGET = 13.0;
				LD_RUNPATH_SEARCH_PATHS = (
					"$(inherited)",
					"@executable_path/Frameworks",
				);
				MARKETING_VERSION = 1.0;
				PRODUCT_BUNDLE_IDENTIFIER = com.mybrain.ImageFeed;
				PRODUCT_NAME = "$(TARGET_NAME)";
				SUPPORTED_PLATFORMS = "iphoneos iphonesimulator";
				SUPPORTS_MACCATALYST = NO;
				SUPPORTS_MAC_DESIGNED_FOR_IPHONE_IPAD = NO;
				SUPPORTS_XR_DESIGNED_FOR_IPHONE_IPAD = NO;
				SWIFT_EMIT_LOC_STRINGS = YES;
				SWIFT_VERSION = 5.0;
				TARGETED_DEVICE_FAMILY = 1;
			};
			name = Release;
		};
		1CD9B6482BEA39C5009C13F4 /* Debug */ = {
			isa = XCBuildConfiguration;
			buildSettings = {
				CODE_SIGN_STYLE = Automatic;
				CURRENT_PROJECT_VERSION = 1;
				DEVELOPMENT_TEAM = 6NYBPW9GN5;
				GENERATE_INFOPLIST_FILE = YES;
				MARKETING_VERSION = 1.0;
				PRODUCT_BUNDLE_IDENTIFIER = com.mybrain.ImageFeedUITests;
				PRODUCT_NAME = "$(TARGET_NAME)";
				SWIFT_EMIT_LOC_STRINGS = NO;
				SWIFT_VERSION = 5.0;
				TARGETED_DEVICE_FAMILY = "1,2";
				TEST_TARGET_NAME = ImageFeed;
			};
			name = Debug;
		};
		1CD9B6492BEA39C5009C13F4 /* Release */ = {
			isa = XCBuildConfiguration;
			buildSettings = {
				CODE_SIGN_STYLE = Automatic;
				CURRENT_PROJECT_VERSION = 1;
				DEVELOPMENT_TEAM = 6NYBPW9GN5;
				GENERATE_INFOPLIST_FILE = YES;
				MARKETING_VERSION = 1.0;
				PRODUCT_BUNDLE_IDENTIFIER = com.mybrain.ImageFeedUITests;
				PRODUCT_NAME = "$(TARGET_NAME)";
				SWIFT_EMIT_LOC_STRINGS = NO;
				SWIFT_VERSION = 5.0;
				TARGETED_DEVICE_FAMILY = "1,2";
				TEST_TARGET_NAME = ImageFeed;
			};
			name = Release;
		};
/* End XCBuildConfiguration section */

/* Begin XCConfigurationList section */
		1C0C2EF92BE3D30900CE1D5B /* Build configuration list for PBXNativeTarget "ImageFeedTests" */ = {
			isa = XCConfigurationList;
			buildConfigurations = (
				1C0C2EFA2BE3D30900CE1D5B /* Debug */,
				1C0C2EFB2BE3D30900CE1D5B /* Release */,
			);
			defaultConfigurationIsVisible = 0;
			defaultConfigurationName = Release;
		};
		1CD8C4E72B71E59D00DB79A6 /* Build configuration list for PBXProject "ImageFeed" */ = {
			isa = XCConfigurationList;
			buildConfigurations = (
				1CD8C4FE2B71E5A300DB79A6 /* Debug */,
				1CD8C4FF2B71E5A300DB79A6 /* Release */,
			);
			defaultConfigurationIsVisible = 0;
			defaultConfigurationName = Release;
		};
		1CD8C5002B71E5A300DB79A6 /* Build configuration list for PBXNativeTarget "ImageFeed" */ = {
			isa = XCConfigurationList;
			buildConfigurations = (
				1CD8C5012B71E5A300DB79A6 /* Debug */,
				1CD8C5022B71E5A300DB79A6 /* Release */,
			);
			defaultConfigurationIsVisible = 0;
			defaultConfigurationName = Release;
		};
		1CD9B6472BEA39C5009C13F4 /* Build configuration list for PBXNativeTarget "ImageFeedUITests" */ = {
			isa = XCConfigurationList;
			buildConfigurations = (
				1CD9B6482BEA39C5009C13F4 /* Debug */,
				1CD9B6492BEA39C5009C13F4 /* Release */,
			);
			defaultConfigurationIsVisible = 0;
			defaultConfigurationName = Release;
		};
/* End XCConfigurationList section */

/* Begin XCRemoteSwiftPackageReference section */
		1C1E91D92BDE64B1006F688B /* XCRemoteSwiftPackageReference "Kingfisher" */ = {
			isa = XCRemoteSwiftPackageReference;
			repositoryURL = "https://github.com/onevcat/Kingfisher";
			requirement = {
				kind = exactVersion;
				version = 7.11.0;
			};
		};
		1C3753222BC3F7AB008F7C05 /* XCRemoteSwiftPackageReference "ProgressHUD" */ = {
			isa = XCRemoteSwiftPackageReference;
			repositoryURL = "https://github.com/relatedcode/ProgressHUD";
			requirement = {
				kind = exactVersion;
				version = 14.1.1;
			};
		};
		1C7C70052BDE7A0E00345443 /* XCRemoteSwiftPackageReference "SwiftKeychainWrapper" */ = {
			isa = XCRemoteSwiftPackageReference;
			repositoryURL = "https://github.com/jrendel/SwiftKeychainWrapper";
			requirement = {
				kind = exactVersion;
				version = 4.0.1;
			};
		};
/* End XCRemoteSwiftPackageReference section */

/* Begin XCSwiftPackageProductDependency section */
		1C1E91DA2BDE64B1006F688B /* Kingfisher */ = {
			isa = XCSwiftPackageProductDependency;
			package = 1C1E91D92BDE64B1006F688B /* XCRemoteSwiftPackageReference "Kingfisher" */;
			productName = Kingfisher;
		};
		1C3753232BC3F7AB008F7C05 /* ProgressHUD */ = {
			isa = XCSwiftPackageProductDependency;
			package = 1C3753222BC3F7AB008F7C05 /* XCRemoteSwiftPackageReference "ProgressHUD" */;
			productName = ProgressHUD;
		};
		1C7C70062BDE7A0E00345443 /* SwiftKeychainWrapper */ = {
			isa = XCSwiftPackageProductDependency;
			package = 1C7C70052BDE7A0E00345443 /* XCRemoteSwiftPackageReference "SwiftKeychainWrapper" */;
			productName = SwiftKeychainWrapper;
		};
/* End XCSwiftPackageProductDependency section */
	};
	rootObject = 1CD8C4E42B71E59D00DB79A6 /* Project object */;
}
